
Microsoft Visual Studio Solution File, Format Version 12.00
# Visual Studio 15
VisualStudioVersion = 15.0.28307.329
MinimumVisualStudioVersion = 10.0.40219.1
Project("{FAE04EC0-301F-11D3-BF4B-00C04F79EFBC}") = "Model", "Model\Model.csproj", "{B1188174-C83A-47FC-BB14-2C32F2798303}"
EndProject
Project("{FAE04EC0-301F-11D3-BF4B-00C04F79EFBC}") = "Test", "Test\Test.csproj", "{C48B7BC2-A65E-4C6E-AA46-6D0BBE8DC461}"
EndProject
Global
	GlobalSection(SolutionConfigurationPlatforms) = preSolution
		Debug|Any CPU = Debug|Any CPU
		Release|Any CPU = Release|Any CPU
	EndGlobalSection
	GlobalSection(ProjectConfigurationPlatforms) = postSolution
		{B1188174-C83A-47FC-BB14-2C32F2798303}.Debug|Any CPU.ActiveCfg = Debug|Any CPU
		{B1188174-C83A-47FC-BB14-2C32F2798303}.Debug|Any CPU.Build.0 = Debug|Any CPU
		{B1188174-C83A-47FC-BB14-2C32F2798303}.Release|Any CPU.ActiveCfg = Release|Any CPU
		{B1188174-C83A-47FC-BB14-2C32F2798303}.Release|Any CPU.Build.0 = Release|Any CPU
		{C48B7BC2-A65E-4C6E-AA46-6D0BBE8DC461}.Debug|Any CPU.ActiveCfg = Debug|Any CPU
		{C48B7BC2-A65E-4C6E-AA46-6D0BBE8DC461}.Debug|Any CPU.Build.0 = Debug|Any CPU
		{C48B7BC2-A65E-4C6E-AA46-6D0BBE8DC461}.Release|Any CPU.ActiveCfg = Release|Any CPU
		{C48B7BC2-A65E-4C6E-AA46-6D0BBE8DC461}.Release|Any CPU.Build.0 = Release|Any CPU
	EndGlobalSection
	GlobalSection(SolutionProperties) = preSolution
		HideSolutionNode = FALSE
	EndGlobalSection
	GlobalSection(ExtensibilityGlobals) = postSolution
		EnterpriseLibraryConfigurationToolBinariesPathV6 = packages\EnterpriseLibrary.Common.6.0.1304.0\lib\NET45;packages\EnterpriseLibrary.Logging.6.0.1304.0\lib\NET45
		SolutionGuid = {DE05E635-CF27-4EE1-B121-67A8E8747E8E}
	EndGlobalSection
EndGlobal
